
Microsoft Visual Studio Solution File, Format Version 12.00
# Visual Studio Version 17
VisualStudioVersion = 17.8.34525.116
MinimumVisualStudioVersion = 10.0.40219.1
Project("{FAE04EC0-301F-11D3-BF4B-00C04F79EFBC}") = "Tienda", "Tienda\Tienda.csproj", "{7D26B0B7-A3FC-4B0D-8A3C-02DBF9DD76CB}"
EndProject
Global
	GlobalSection(SolutionConfigurationPlatforms) = preSolution
		Debug|Any CPU = Debug|Any CPU
		Release|Any CPU = Release|Any CPU
	EndGlobalSection
	GlobalSection(ProjectConfigurationPlatforms) = postSolution
		{7D26B0B7-A3FC-4B0D-8A3C-02DBF9DD76CB}.Debug|Any CPU.ActiveCfg = Debug|Any CPU
		{7D26B0B7-A3FC-4B0D-8A3C-02DBF9DD76CB}.Debug|Any CPU.Build.0 = Debug|Any CPU
		{7D26B0B7-A3FC-4B0D-8A3C-02DBF9DD76CB}.Release|Any CPU.ActiveCfg = Release|Any CPU
		{7D26B0B7-A3FC-4B0D-8A3C-02DBF9DD76CB}.Release|Any CPU.Build.0 = Release|Any CPU
	EndGlobalSection
	GlobalSection(SolutionProperties) = preSolution
		HideSolutionNode = FALSE
	EndGlobalSection
	GlobalSection(ExtensibilityGlobals) = postSolution
		SolutionGuid = {23D50446-C5F9-4848-860F-104D84F86040}
	EndGlobalSection
EndGlobal
